// !$*UTF8*$!
{
	archiveVersion = 1;
	classes = {
	};
	objectVersion = 50;
	objects = {

/* Begin PBXBuildFile section */
		5FD5078C230FA6B900EE0866 /* AppDelegate.swift in Sources */ = {isa = PBXBuildFile; fileRef = 5FD5078B230FA6B900EE0866 /* AppDelegate.swift */; };
		5FD5078E230FA6B900EE0866 /* ViewController.swift in Sources */ = {isa = PBXBuildFile; fileRef = 5FD5078D230FA6B900EE0866 /* ViewController.swift */; };
		5FD50791230FA6B900EE0866 /* Main.storyboard in Resources */ = {isa = PBXBuildFile; fileRef = 5FD5078F230FA6B900EE0866 /* Main.storyboard */; };
		5FD50793230FA6C200EE0866 /* Assets.xcassets in Resources */ = {isa = PBXBuildFile; fileRef = 5FD50792230FA6C200EE0866 /* Assets.xcassets */; };
		5FD50796230FA6C200EE0866 /* LaunchScreen.storyboard in Resources */ = {isa = PBXBuildFile; fileRef = 5FD50794230FA6C200EE0866 /* LaunchScreen.storyboard */; };
		5FD507A4230FBFCB00EE0866 /* Question.swift in Sources */ = {isa = PBXBuildFile; fileRef = 5FD507A3230FBFCB00EE0866 /* Question.swift */; };
		5FD507A6230FC7D600EE0866 /* QuestionBank.swift in Sources */ = {isa = PBXBuildFile; fileRef = 5FD507A5230FC7D600EE0866 /* QuestionBank.swift */; };
		5FD507AB230FF60500EE0866 /* ProgressHUD.bundle in Resources */ = {isa = PBXBuildFile; fileRef = 5FD507A8230FF60400EE0866 /* ProgressHUD.bundle */; };
		5FD507AC230FF60500EE0866 /* ProgressHUD.m in Sources */ = {isa = PBXBuildFile; fileRef = 5FD507AA230FF60500EE0866 /* ProgressHUD.m */; };
/* End PBXBuildFile section */

/* Begin PBXFileReference section */
		5FD50788230FA6B900EE0866 /* Quizzler.app */ = {isa = PBXFileReference; explicitFileType = wrapper.application; includeInIndex = 0; path = Quizzler.app; sourceTree = BUILT_PRODUCTS_DIR; };
		5FD5078B230FA6B900EE0866 /* AppDelegate.swift */ = {isa = PBXFileReference; lastKnownFileType = sourcecode.swift; path = AppDelegate.swift; sourceTree = "<group>"; };
		5FD5078D230FA6B900EE0866 /* ViewController.swift */ = {isa = PBXFileReference; lastKnownFileType = sourcecode.swift; path = ViewController.swift; sourceTree = "<group>"; };
		5FD50790230FA6B900EE0866 /* Base */ = {isa = PBXFileReference; lastKnownFileType = file.storyboard; name = Base; path = Base.lproj/Main.storyboard; sourceTree = "<group>"; };
		5FD50792230FA6C200EE0866 /* Assets.xcassets */ = {isa = PBXFileReference; lastKnownFileType = folder.assetcatalog; path = Assets.xcassets; sourceTree = "<group>"; };
		5FD50795230FA6C200EE0866 /* Base */ = {isa = PBXFileReference; lastKnownFileType = file.storyboard; name = Base; path = Base.lproj/LaunchScreen.storyboard; sourceTree = "<group>"; };
		5FD50797230FA6C200EE0866 /* Info.plist */ = {isa = PBXFileReference; lastKnownFileType = text.plist.xml; path = Info.plist; sourceTree = "<group>"; };
		5FD507A3230FBFCB00EE0866 /* Question.swift */ = {isa = PBXFileReference; lastKnownFileType = sourcecode.swift; path = Question.swift; sourceTree = "<group>"; };
		5FD507A5230FC7D600EE0866 /* QuestionBank.swift */ = {isa = PBXFileReference; lastKnownFileType = sourcecode.swift; path = QuestionBank.swift; sourceTree = "<group>"; };
		5FD507A7230FF60300EE0866 /* Quizzler-Bridging-Header.h */ = {isa = PBXFileReference; lastKnownFileType = sourcecode.c.h; path = "Quizzler-Bridging-Header.h"; sourceTree = "<group>"; };
		5FD507A8230FF60400EE0866 /* ProgressHUD.bundle */ = {isa = PBXFileReference; lastKnownFileType = "wrapper.plug-in"; path = ProgressHUD.bundle; sourceTree = "<group>"; };
		5FD507A9230FF60400EE0866 /* ProgressHUD.h */ = {isa = PBXFileReference; fileEncoding = 4; lastKnownFileType = sourcecode.c.h; path = ProgressHUD.h; sourceTree = "<group>"; };
		5FD507AA230FF60500EE0866 /* ProgressHUD.m */ = {isa = PBXFileReference; fileEncoding = 4; lastKnownFileType = sourcecode.c.objc; path = ProgressHUD.m; sourceTree = "<group>"; };
/* End PBXFileReference section */

/* Begin PBXFrameworksBuildPhase section */
		5FD50785230FA6B900EE0866 /* Frameworks */ = {
			isa = PBXFrameworksBuildPhase;
			buildActionMask = 2147483647;
			files = (
			);
			runOnlyForDeploymentPostprocessing = 0;
		};
/* End PBXFrameworksBuildPhase section */

/* Begin PBXGroup section */
		5FD5077F230FA6B900EE0866 = {
			isa = PBXGroup;
			children = (
				5FD5078A230FA6B900EE0866 /* Quizzler */,
				5FD50789230FA6B900EE0866 /* Products */,
			);
			sourceTree = "<group>";
		};
		5FD50789230FA6B900EE0866 /* Products */ = {
			isa = PBXGroup;
			children = (
				5FD50788230FA6B900EE0866 /* Quizzler.app */,
			);
			name = Products;
			sourceTree = "<group>";
		};
		5FD5078A230FA6B900EE0866 /* Quizzler */ = {
			isa = PBXGroup;
			children = (
				5FD50797230FA6C200EE0866 /* Info.plist */,
				5FD507A2230FBF7700EE0866 /* Supporting Files */,
				5FD507A1230FBF4400EE0866 /* Controller */,
				5FD5079F230FBF2F00EE0866 /* View */,
				5FD5079D230FBF0E00EE0866 /* Model */,
			);
			path = Quizzler;
			sourceTree = "<group>";
		};
		5FD5079D230FBF0E00EE0866 /* Model */ = {
			isa = PBXGroup;
			children = (
				5FD507A3230FBFCB00EE0866 /* Question.swift */,
				5FD507A5230FC7D600EE0866 /* QuestionBank.swift */,
			);
			path = Model;
			sourceTree = "<group>";
		};
		5FD5079F230FBF2F00EE0866 /* View */ = {
			isa = PBXGroup;
			children = (
				5FD5078F230FA6B900EE0866 /* Main.storyboard */,
				5FD50792230FA6C200EE0866 /* Assets.xcassets */,
			);
			path = View;
			sourceTree = "<group>";
		};
		5FD507A1230FBF4400EE0866 /* Controller */ = {
			isa = PBXGroup;
			children = (
				5FD5078B230FA6B900EE0866 /* AppDelegate.swift */,
				5FD5078D230FA6B900EE0866 /* ViewController.swift */,
			);
			path = Controller;
			sourceTree = "<group>";
		};
		5FD507A2230FBF7700EE0866 /* Supporting Files */ = {
			isa = PBXGroup;
			children = (
				5FD507A8230FF60400EE0866 /* ProgressHUD.bundle */,
				5FD507A9230FF60400EE0866 /* ProgressHUD.h */,
				5FD507AA230FF60500EE0866 /* ProgressHUD.m */,
				5FD50794230FA6C200EE0866 /* LaunchScreen.storyboard */,
				5FD507A7230FF60300EE0866 /* Quizzler-Bridging-Header.h */,
			);
			path = "Supporting Files";
			sourceTree = "<group>";
		};
/* End PBXGroup section */

/* Begin PBXNativeTarget section */
		5FD50787230FA6B900EE0866 /* Quizzler */ = {
			isa = PBXNativeTarget;
			buildConfigurationList = 5FD5079A230FA6C200EE0866 /* Build configuration list for PBXNativeTarget "Quizzler" */;
			buildPhases = (
				5FD50784230FA6B900EE0866 /* Sources */,
				5FD50785230FA6B900EE0866 /* Frameworks */,
				5FD50786230FA6B900EE0866 /* Resources */,
			);
			buildRules = (
			);
			dependencies = (
			);
			name = Quizzler;
			productName = Quizzler;
			productReference = 5FD50788230FA6B900EE0866 /* Quizzler.app */;
			productType = "com.apple.product-type.application";
		};
/* End PBXNativeTarget section */

/* Begin PBXProject section */
		5FD50780230FA6B900EE0866 /* Project object */ = {
			isa = PBXProject;
			attributes = {
				LastSwiftUpdateCheck = 1030;
				LastUpgradeCheck = 1030;
				ORGANIZATIONNAME = Megavision;
				TargetAttributes = {
					5FD50787230FA6B900EE0866 = {
						CreatedOnToolsVersion = 10.3;
						LastSwiftMigration = 1030;
					};
				};
			};
			buildConfigurationList = 5FD50783230FA6B900EE0866 /* Build configuration list for PBXProject "Quizzler" */;
			compatibilityVersion = "Xcode 9.3";
			developmentRegion = en;
			hasScannedForEncodings = 0;
			knownRegions = (
				en,
				Base,
			);
			mainGroup = 5FD5077F230FA6B900EE0866;
			productRefGroup = 5FD50789230FA6B900EE0866 /* Products */;
			projectDirPath = "";
			projectRoot = "";
			targets = (
				5FD50787230FA6B900EE0866 /* Quizzler */,
			);
		};
/* End PBXProject section */

/* Begin PBXResourcesBuildPhase section */
		5FD50786230FA6B900EE0866 /* Resources */ = {
			isa = PBXResourcesBuildPhase;
			buildActionMask = 2147483647;
			files = (
				5FD507AB230FF60500EE0866 /* ProgressHUD.bundle in Resources */,
				5FD50796230FA6C200EE0866 /* LaunchScreen.storyboard in Resources */,
				5FD50793230FA6C200EE0866 /* Assets.xcassets in Resources */,
				5FD50791230FA6B900EE0866 /* Main.storyboard in Resources */,
			);
			runOnlyForDeploymentPostprocessing = 0;
		};
/* End PBXResourcesBuildPhase section */

/* Begin PBXSourcesBuildPhase section */
		5FD50784230FA6B900EE0866 /* Sources */ = {
			isa = PBXSourcesBuildPhase;
			buildActionMask = 2147483647;
			files = (
				5FD507A4230FBFCB00EE0866 /* Question.swift in Sources */,
				5FD507A6230FC7D600EE0866 /* QuestionBank.swift in Sources */,
				5FD507AC230FF60500EE0866 /* ProgressHUD.m in Sources */,
				5FD5078E230FA6B900EE0866 /* ViewController.swift in Sources */,
				5FD5078C230FA6B900EE0866 /* AppDelegate.swift in Sources */,
			);
			runOnlyForDeploymentPostprocessing = 0;
		};
/* End PBXSourcesBuildPhase section */

/* Begin PBXVariantGroup section */
		5FD5078F230FA6B900EE0866 /* Main.storyboard */ = {
			isa = PBXVariantGroup;
			children = (
				5FD50790230FA6B900EE0866 /* Base */,
			);
			name = Main.storyboard;
			sourceTree = "<group>";
		};
		5FD50794230FA6C200EE0866 /* LaunchScreen.storyboard */ = {
			isa = PBXVariantGroup;
			children = (
				5FD50795230FA6C200EE0866 /* Base */,
			);
			name = LaunchScreen.storyboard;
			sourceTree = "<group>";
		};
/* End PBXVariantGroup section */

/* Begin XCBuildConfiguration section */
		5FD50798230FA6C200EE0866 /* Debug */ = {
			isa = XCBuildConfiguration;
			buildSettings = {
				ALWAYS_SEARCH_USER_PATHS = NO;
				CLANG_ANALYZER_NONNULL = YES;
				CLANG_ANALYZER_NUMBER_OBJECT_CONVERSION = YES_AGGRESSIVE;
				CLANG_CXX_LANGUAGE_STANDARD = "gnu++14";
				CLANG_CXX_LIBRARY = "libc++";
				CLANG_ENABLE_MODULES = YES;
				CLANG_ENABLE_OBJC_ARC = YES;
				CLANG_ENABLE_OBJC_WEAK = YES;
				CLANG_WARN_BLOCK_CAPTURE_AUTORELEASING = YES;
				CLANG_WARN_BOOL_CONVERSION = YES;
				CLANG_WARN_COMMA = YES;
				CLANG_WARN_CONSTANT_CONVERSION = YES;
				CLANG_WARN_DEPRECATED_OBJC_IMPLEMENTATIONS = YES;
				CLANG_WARN_DIRECT_OBJC_ISA_USAGE = YES_ERROR;
				CLANG_WARN_DOCUMENTATION_COMMENTS = YES;
				CLANG_WARN_EMPTY_BODY = YES;
				CLANG_WARN_ENUM_CONVERSION = YES;
				CLANG_WARN_INFINITE_RECURSION = YES;
				CLANG_WARN_INT_CONVERSION = YES;
				CLANG_WARN_NON_LITERAL_NULL_CONVERSION = YES;
				CLANG_WARN_OBJC_IMPLICIT_RETAIN_SELF = YES;
				CLANG_WARN_OBJC_LITERAL_CONVERSION = YES;
				CLANG_WARN_OBJC_ROOT_CLASS = YES_ERROR;
				CLANG_WARN_RANGE_LOOP_ANALYSIS = YES;
				CLANG_WARN_STRICT_PROTOTYPES = YES;
				CLANG_WARN_SUSPICIOUS_MOVE = YES;
				CLANG_WARN_UNGUARDED_AVAILABILITY = YES_AGGRESSIVE;
				CLANG_WARN_UNREACHABLE_CODE = YES;
				CLANG_WARN__DUPLICATE_METHOD_MATCH = YES;
				CODE_SIGN_IDENTITY = "iPhone Developer";
				COPY_PHASE_STRIP = NO;
				DEBUG_INFORMATION_FORMAT = dwarf;
				ENABLE_STRICT_OBJC_MSGSEND = YES;
				ENABLE_TESTABILITY = YES;
				GCC_C_LANGUAGE_STANDARD = gnu11;
				GCC_DYNAMIC_NO_PIC = NO;
				GCC_NO_COMMON_BLOCKS = YES;
				GCC_OPTIMIZATION_LEVEL = 0;
				GCC_PREPROCESSOR_DEFINITIONS = (
					"DEBUG=1",
					"$(inherited)",
				);
				GCC_WARN_64_TO_32_BIT_CONVERSION = YES;
				GCC_WARN_ABOUT_RETURN_TYPE = YES_ERROR;
				GCC_WARN_UNDECLARED_SELECTOR = YES;
				GCC_WARN_UNINITIALIZED_AUTOS = YES_AGGRESSIVE;
				GCC_WARN_UNUSED_FUNCTION = YES;
				GCC_WARN_UNUSED_VARIABLE = YES;
				IPHONEOS_DEPLOYMENT_TARGET = 12.4;
				MTL_ENABLE_DEBUG_INFO = INCLUDE_SOURCE;
				MTL_FAST_MATH = YES;
				ONLY_ACTIVE_ARCH = YES;
				SDKROOT = iphoneos;
				SWIFT_ACTIVE_COMPILATION_CONDITIONS = DEBUG;
				SWIFT_OPTIMIZATION_LEVEL = "-Onone";
			};
			name = Debug;
		};
		5FD50799230FA6C200EE0866 /* Release */ = {
			isa = XCBuildConfiguration;
			buildSettings = {
				ALWAYS_SEARCH_USER_PATHS = NO;
				CLANG_ANALYZER_NONNULL = YES;
				CLANG_ANALYZER_NUMBER_OBJECT_CONVERSION = YES_AGGRESSIVE;
				CLANG_CXX_LANGUAGE_STANDARD = "gnu++14";
				CLANG_CXX_LIBRARY = "libc++";
				CLANG_ENABLE_MODULES = YES;
				CLANG_ENABLE_OBJC_ARC = YES;
				CLANG_ENABLE_OBJC_WEAK = YES;
				CLANG_WARN_BLOCK_CAPTURE_AUTORELEASING = YES;
				CLANG_WARN_BOOL_CONVERSION = YES;
				CLANG_WARN_COMMA = YES;
				CLANG_WARN_CONSTANT_CONVERSION = YES;
				CLANG_WARN_DEPRECATED_OBJC_IMPLEMENTATIONS = YES;
				CLANG_WARN_DIRECT_OBJC_ISA_USAGE = YES_ERROR;
				CLANG_WARN_DOCUMENTATION_COMMENTS = YES;
				CLANG_WARN_EMPTY_BODY = YES;
				CLANG_WARN_ENUM_CONVERSION = YES;
				CLANG_WARN_INFINITE_RECURSION = YES;
				CLANG_WARN_INT_CONVERSION = YES;
				CLANG_WARN_NON_LITERAL_NULL_CONVERSION = YES;
				CLANG_WARN_OBJC_IMPLICIT_RETAIN_SELF = YES;
				CLANG_WARN_OBJC_LITERAL_CONVERSION = YES;
				CLANG_WARN_OBJC_ROOT_CLASS = YES_ERROR;
				CLANG_WARN_RANGE_LOOP_ANALYSIS = YES;
				CLANG_WARN_STRICT_PROTOTYPES = YES;
				CLANG_WARN_SUSPICIOUS_MOVE = YES;
				CLANG_WARN_UNGUARDED_AVAILABILITY = YES_AGGRESSIVE;
				CLANG_WARN_UNREACHABLE_CODE = YES;
				CLANG_WARN__DUPLICATE_METHOD_MATCH = YES;
				CODE_SIGN_IDENTITY = "iPhone Developer";
				COPY_PHASE_STRIP = NO;
				DEBUG_INFORMATION_FORMAT = "dwarf-with-dsym";
				ENABLE_NS_ASSERTIONS = NO;
				ENABLE_STRICT_OBJC_MSGSEND = YES;
				GCC_C_LANGUAGE_STANDARD = gnu11;
				GCC_NO_COMMON_BLOCKS = YES;
				GCC_WARN_64_TO_32_BIT_CONVERSION = YES;
				GCC_WARN_ABOUT_RETURN_TYPE = YES_ERROR;
				GCC_WARN_UNDECLARED_SELECTOR = YES;
				GCC_WARN_UNINITIALIZED_AUTOS = YES_AGGRESSIVE;
				GCC_WARN_UNUSED_FUNCTION = YES;
				GCC_WARN_UNUSED_VARIABLE = YES;
				IPHONEOS_DEPLOYMENT_TARGET = 12.4;
				MTL_ENABLE_DEBUG_INFO = NO;
				MTL_FAST_MATH = YES;
				SDKROOT = iphoneos;
				SWIFT_COMPILATION_MODE = wholemodule;
				SWIFT_OPTIMIZATION_LEVEL = "-O";
				VALIDATE_PRODUCT = YES;
			};
			name = Release;
		};
		5FD5079B230FA6C200EE0866 /* Debug */ = {
			isa = XCBuildConfiguration;
			buildSettings = {
				ASSETCATALOG_COMPILER_APPICON_NAME = AppIcon;
				CLANG_ENABLE_MODULES = YES;
				CODE_SIGN_STYLE = Automatic;
				DEVELOPMENT_TEAM = 4TGD9D35L7;
				INFOPLIST_FILE = Quizzler/Info.plist;
				LD_RUNPATH_SEARCH_PATHS = (
					"$(inherited)",
					"@executable_path/Frameworks",
				);
				PRODUCT_BUNDLE_IDENTIFIER = com.megavision.Quizzler;
				PRODUCT_NAME = "$(TARGET_NAME)";
				SWIFT_OBJC_BRIDGING_HEADER = "Quizzler/Supporting Files/Quizzler-Bridging-Header.h";
				SWIFT_OPTIMIZATION_LEVEL = "-Onone";
				SWIFT_VERSION = 5.0;
				TARGETED_DEVICE_FAMILY = "1,2";
			};
			name = Debug;
		};
		5FD5079C230FA6C200EE0866 /* Release */ = {
			isa = XCBuildConfiguration;
			buildSettings = {
				ASSETCATALOG_COMPILER_APPICON_NAME = AppIcon;
				CLANG_ENABLE_MODULES = YES;
				CODE_SIGN_STYLE = Automatic;
				DEVELOPMENT_TEAM = 4TGD9D35L7;
				INFOPLIST_FILE = Quizzler/Info.plist;
				LD_RUNPATH_SEARCH_PATHS = (
					"$(inherited)",
					"@executable_path/Frameworks",
				);
				PRODUCT_BUNDLE_IDENTIFIER = com.megavision.Quizzler;
				PRODUCT_NAME = "$(TARGET_NAME)";
				SWIFT_OBJC_BRIDGING_HEADER = "Quizzler/Supporting Files/Quizzler-Bridging-Header.h";
				SWIFT_VERSION = 5.0;
				TARGETED_DEVICE_FAMILY = "1,2";
			};
			name = Release;
		};
/* End XCBuildConfiguration section */

/* Begin XCConfigurationList section */
		5FD50783230FA6B900EE0866 /* Build configuration list for PBXProject "Quizzler" */ = {
			isa = XCConfigurationList;
			buildConfigurations = (
				5FD50798230FA6C200EE0866 /* Debug */,
				5FD50799230FA6C200EE0866 /* Release */,
			);
			defaultConfigurationIsVisible = 0;
			defaultConfigurationName = Release;
		};
		5FD5079A230FA6C200EE0866 /* Build configuration list for PBXNativeTarget "Quizzler" */ = {
			isa = XCConfigurationList;
			buildConfigurations = (
				5FD5079B230FA6C200EE0866 /* Debug */,
				5FD5079C230FA6C200EE0866 /* Release */,
			);
			defaultConfigurationIsVisible = 0;
			defaultConfigurationName = Release;
		};
/* End XCConfigurationList section */
	};
	rootObject = 5FD50780230FA6B900EE0866 /* Project object */;
}
